
Microsoft Visual Studio Solution File, Format Version 12.00
# Visual Studio Version 16
VisualStudioVersion = 16.0.31911.196
MinimumVisualStudioVersion = 10.0.40219.1
Project("{FAE04EC0-301F-11D3-BF4B-00C04F79EFBC}") = "SampleSaleApp", "SampleSaleApp.csproj", "{95E40780-6DD2-4C83-A079-168E67CA8852}"
EndProject
Global
	GlobalSection(SolutionConfigurationPlatforms) = preSolution
		Debug|Any CPU = Debug|Any CPU
		Release|Any CPU = Release|Any CPU
	EndGlobalSection
	GlobalSection(ProjectConfigurationPlatforms) = postSolution
		{95E40780-6DD2-4C83-A079-168E67CA8852}.Debug|Any CPU.ActiveCfg = Debug|Any CPU
		{95E40780-6DD2-4C83-A079-168E67CA8852}.Debug|Any CPU.Build.0 = Debug|Any CPU
		{95E40780-6DD2-4C83-A079-168E67CA8852}.Release|Any CPU.ActiveCfg = Release|Any CPU
		{95E40780-6DD2-4C83-A079-168E67CA8852}.Release|Any CPU.Build.0 = Release|Any CPU
	EndGlobalSection
	GlobalSection(SolutionProperties) = preSolution
		HideSolutionNode = FALSE
	EndGlobalSection
	GlobalSection(ExtensibilityGlobals) = postSolution
		SolutionGuid = {D9EB4DCC-70B4-4714-927F-7AB16CAA666F}
	EndGlobalSection
EndGlobal
